
Microsoft Visual Studio Solution File, Format Version 12.00
# Visual Studio Version 17
VisualStudioVersion = 17.4.33027.239
MinimumVisualStudioVersion = 10.0.40219.1
Project("{FAE04EC0-301F-11D3-BF4B-00C04F79EFBC}") = "CalorieCounting", "CalorieCounting.csproj", "{2A381933-44F3-4D3D-8230-A8CEA282AF0F}"
EndProject
Global
	GlobalSection(SolutionConfigurationPlatforms) = preSolution
		Debug|Any CPU = Debug|Any CPU
		Release|Any CPU = Release|Any CPU
	EndGlobalSection
	GlobalSection(ProjectConfigurationPlatforms) = postSolution
		{2A381933-44F3-4D3D-8230-A8CEA282AF0F}.Debug|Any CPU.ActiveCfg = Debug|Any CPU
		{2A381933-44F3-4D3D-8230-A8CEA282AF0F}.Debug|Any CPU.Build.0 = Debug|Any CPU
		{2A381933-44F3-4D3D-8230-A8CEA282AF0F}.Release|Any CPU.ActiveCfg = Release|Any CPU
		{2A381933-44F3-4D3D-8230-A8CEA282AF0F}.Release|Any CPU.Build.0 = Release|Any CPU
	EndGlobalSection
	GlobalSection(SolutionProperties) = preSolution
		HideSolutionNode = FALSE
	EndGlobalSection
	GlobalSection(ExtensibilityGlobals) = postSolution
		SolutionGuid = {0E330B26-96F1-411C-A09C-11F03CA66FD3}
	EndGlobalSection
EndGlobal
